
Microsoft Visual Studio Solution File, Format Version 12.00
# Visual Studio 15
VisualStudioVersion = 15.0.26430.6
MinimumVisualStudioVersion = 10.0.40219.1
Project("{FAE04EC0-301F-11D3-BF4B-00C04F79EFBC}") = "Veiculos.WebApi", "Veiculos.WebApi\Veiculos.WebApi.csproj", "{239B5189-D5F8-43CE-9F66-18054C759B59}"
EndProject
Project("{FAE04EC0-301F-11D3-BF4B-00C04F79EFBC}") = "Veiculos.Infraestrutura", "..\Veiculos.Infraestrutura\Veiculos.Infraestrutura.csproj", "{6254A7D0-1531-4AF3-9B49-5282C2FB7A66}"
EndProject
Project("{FAE04EC0-301F-11D3-BF4B-00C04F79EFBC}") = "Veiculos.Dominio", "Veiculos.Dominio\Veiculos.Dominio.csproj", "{128E6685-6FA6-4F09-B9DF-283DFF79F5C4}"
EndProject
Project("{FAE04EC0-301F-11D3-BF4B-00C04F79EFBC}") = "Testes", "Testes\Testes.csproj", "{5C65E993-B95A-4099-9D6C-28F8CD727D5C}"
EndProject
Global
	GlobalSection(SolutionConfigurationPlatforms) = preSolution
		Debug|Any CPU = Debug|Any CPU
		Release|Any CPU = Release|Any CPU
	EndGlobalSection
	GlobalSection(ProjectConfigurationPlatforms) = postSolution
		{239B5189-D5F8-43CE-9F66-18054C759B59}.Debug|Any CPU.ActiveCfg = Debug|Any CPU
		{239B5189-D5F8-43CE-9F66-18054C759B59}.Debug|Any CPU.Build.0 = Debug|Any CPU
		{239B5189-D5F8-43CE-9F66-18054C759B59}.Release|Any CPU.ActiveCfg = Release|Any CPU
		{239B5189-D5F8-43CE-9F66-18054C759B59}.Release|Any CPU.Build.0 = Release|Any CPU
		{6254A7D0-1531-4AF3-9B49-5282C2FB7A66}.Debug|Any CPU.ActiveCfg = Debug|Any CPU
		{6254A7D0-1531-4AF3-9B49-5282C2FB7A66}.Debug|Any CPU.Build.0 = Debug|Any CPU
		{6254A7D0-1531-4AF3-9B49-5282C2FB7A66}.Release|Any CPU.ActiveCfg = Release|Any CPU
		{6254A7D0-1531-4AF3-9B49-5282C2FB7A66}.Release|Any CPU.Build.0 = Release|Any CPU
		{128E6685-6FA6-4F09-B9DF-283DFF79F5C4}.Debug|Any CPU.ActiveCfg = Debug|Any CPU
		{128E6685-6FA6-4F09-B9DF-283DFF79F5C4}.Debug|Any CPU.Build.0 = Debug|Any CPU
		{128E6685-6FA6-4F09-B9DF-283DFF79F5C4}.Release|Any CPU.ActiveCfg = Release|Any CPU
		{128E6685-6FA6-4F09-B9DF-283DFF79F5C4}.Release|Any CPU.Build.0 = Release|Any CPU
		{5C65E993-B95A-4099-9D6C-28F8CD727D5C}.Debug|Any CPU.ActiveCfg = Debug|Any CPU
		{5C65E993-B95A-4099-9D6C-28F8CD727D5C}.Debug|Any CPU.Build.0 = Debug|Any CPU
		{5C65E993-B95A-4099-9D6C-28F8CD727D5C}.Release|Any CPU.ActiveCfg = Release|Any CPU
		{5C65E993-B95A-4099-9D6C-28F8CD727D5C}.Release|Any CPU.Build.0 = Release|Any CPU
	EndGlobalSection
	GlobalSection(SolutionProperties) = preSolution
		HideSolutionNode = FALSE
	EndGlobalSection
EndGlobal
