
Microsoft Visual Studio Solution File, Format Version 12.00
# Visual Studio 14
VisualStudioVersion = 14.0.25420.1
MinimumVisualStudioVersion = 10.0.40219.1
Project("{FAE04EC0-301F-11D3-BF4B-00C04F79EFBC}") = "Demo1.WebAppi", "Demo1.WebAppi\Demo1.WebAppi.csproj", "{86F24D9E-F56C-4A47-BE61-06B22FF91896}"
EndProject
Project("{FAE04EC0-301F-11D3-BF4B-00C04F79EFBC}") = "Demo1.Dominio", "Demo1\Demo1.Dominio.csproj", "{2F9F87AA-F848-4B18-BC7E-82D2B166C2F3}"
EndProject
Project("{FAE04EC0-301F-11D3-BF4B-00C04F79EFBC}") = "Demo1.Infraestrutura", "Demo1.Infraestrutura\Demo1.Infraestrutura.csproj", "{367BE63B-2DA5-4567-99EC-4D958F299719}"
EndProject
Global
	GlobalSection(SolutionConfigurationPlatforms) = preSolution
		Debug|Any CPU = Debug|Any CPU
		Release|Any CPU = Release|Any CPU
	EndGlobalSection
	GlobalSection(ProjectConfigurationPlatforms) = postSolution
		{86F24D9E-F56C-4A47-BE61-06B22FF91896}.Debug|Any CPU.ActiveCfg = Debug|Any CPU
		{86F24D9E-F56C-4A47-BE61-06B22FF91896}.Debug|Any CPU.Build.0 = Debug|Any CPU
		{86F24D9E-F56C-4A47-BE61-06B22FF91896}.Release|Any CPU.ActiveCfg = Release|Any CPU
		{86F24D9E-F56C-4A47-BE61-06B22FF91896}.Release|Any CPU.Build.0 = Release|Any CPU
		{2F9F87AA-F848-4B18-BC7E-82D2B166C2F3}.Debug|Any CPU.ActiveCfg = Debug|Any CPU
		{2F9F87AA-F848-4B18-BC7E-82D2B166C2F3}.Debug|Any CPU.Build.0 = Debug|Any CPU
		{2F9F87AA-F848-4B18-BC7E-82D2B166C2F3}.Release|Any CPU.ActiveCfg = Release|Any CPU
		{2F9F87AA-F848-4B18-BC7E-82D2B166C2F3}.Release|Any CPU.Build.0 = Release|Any CPU
		{367BE63B-2DA5-4567-99EC-4D958F299719}.Debug|Any CPU.ActiveCfg = Debug|Any CPU
		{367BE63B-2DA5-4567-99EC-4D958F299719}.Debug|Any CPU.Build.0 = Debug|Any CPU
		{367BE63B-2DA5-4567-99EC-4D958F299719}.Release|Any CPU.ActiveCfg = Release|Any CPU
		{367BE63B-2DA5-4567-99EC-4D958F299719}.Release|Any CPU.Build.0 = Release|Any CPU
	EndGlobalSection
	GlobalSection(SolutionProperties) = preSolution
		HideSolutionNode = FALSE
	EndGlobalSection
EndGlobal
